
Microsoft Visual Studio Solution File, Format Version 12.00
# Visual Studio Version 17
VisualStudioVersion = 17.7.34221.43
MinimumVisualStudioVersion = 10.0.40219.1
Project("{9A19103F-16F7-4668-BE54-9A1E7A4F7556}") = "MajesticAgency", "MajesticAgency.csproj", "{BF0E7049-CE87-4A82-97EC-9A5C1DDC8A20}"
EndProject
Project("{FAE04EC0-301F-11D3-BF4B-00C04F79EFBC}") = "Core", "..\Core\Core.csproj", "{8E82010A-A717-43C4-8FE0-3E26DF81AB8C}"
EndProject
Project("{FAE04EC0-301F-11D3-BF4B-00C04F79EFBC}") = "Infrastructure", "..\Infrastructure\Infrastructure.csproj", "{6A1CBAAB-9DAA-48C9-A649-FAEB331CD86C}"
EndProject
Global
	GlobalSection(SolutionConfigurationPlatforms) = preSolution
		Debug|Any CPU = Debug|Any CPU
		Release|Any CPU = Release|Any CPU
	EndGlobalSection
	GlobalSection(ProjectConfigurationPlatforms) = postSolution
		{BF0E7049-CE87-4A82-97EC-9A5C1DDC8A20}.Debug|Any CPU.ActiveCfg = Debug|Any CPU
		{BF0E7049-CE87-4A82-97EC-9A5C1DDC8A20}.Debug|Any CPU.Build.0 = Debug|Any CPU
		{BF0E7049-CE87-4A82-97EC-9A5C1DDC8A20}.Release|Any CPU.ActiveCfg = Release|Any CPU
		{BF0E7049-CE87-4A82-97EC-9A5C1DDC8A20}.Release|Any CPU.Build.0 = Release|Any CPU
		{8E82010A-A717-43C4-8FE0-3E26DF81AB8C}.Debug|Any CPU.ActiveCfg = Debug|Any CPU
		{8E82010A-A717-43C4-8FE0-3E26DF81AB8C}.Debug|Any CPU.Build.0 = Debug|Any CPU
		{8E82010A-A717-43C4-8FE0-3E26DF81AB8C}.Release|Any CPU.ActiveCfg = Release|Any CPU
		{8E82010A-A717-43C4-8FE0-3E26DF81AB8C}.Release|Any CPU.Build.0 = Release|Any CPU
		{6A1CBAAB-9DAA-48C9-A649-FAEB331CD86C}.Debug|Any CPU.ActiveCfg = Debug|Any CPU
		{6A1CBAAB-9DAA-48C9-A649-FAEB331CD86C}.Debug|Any CPU.Build.0 = Debug|Any CPU
		{6A1CBAAB-9DAA-48C9-A649-FAEB331CD86C}.Release|Any CPU.ActiveCfg = Release|Any CPU
		{6A1CBAAB-9DAA-48C9-A649-FAEB331CD86C}.Release|Any CPU.Build.0 = Release|Any CPU
	EndGlobalSection
	GlobalSection(SolutionProperties) = preSolution
		HideSolutionNode = FALSE
	EndGlobalSection
	GlobalSection(ExtensibilityGlobals) = postSolution
		SolutionGuid = {46CCAEDC-4BAA-4C56-A394-CE269EF0253C}
	EndGlobalSection
EndGlobal
